
Microsoft Visual Studio Solution File, Format Version 12.00
# Visual Studio Version 16
VisualStudioVersion = 16.0.30717.126
MinimumVisualStudioVersion = 10.0.40219.1
Project("{FAE04EC0-301F-11D3-BF4B-00C04F79EFBC}") = "OrphanageSystemManagement", "OrphanageSystemManagement\OrphanageSystemManagement.csproj", "{C885FAF1-5848-4B18-80D0-F947F0E98028}"
EndProject
Global
	GlobalSection(SolutionConfigurationPlatforms) = preSolution
		Debug|Any CPU = Debug|Any CPU
		Release|Any CPU = Release|Any CPU
	EndGlobalSection
	GlobalSection(ProjectConfigurationPlatforms) = postSolution
		{C885FAF1-5848-4B18-80D0-F947F0E98028}.Debug|Any CPU.ActiveCfg = Debug|Any CPU
		{C885FAF1-5848-4B18-80D0-F947F0E98028}.Debug|Any CPU.Build.0 = Debug|Any CPU
		{C885FAF1-5848-4B18-80D0-F947F0E98028}.Release|Any CPU.ActiveCfg = Release|Any CPU
		{C885FAF1-5848-4B18-80D0-F947F0E98028}.Release|Any CPU.Build.0 = Release|Any CPU
	EndGlobalSection
	GlobalSection(SolutionProperties) = preSolution
		HideSolutionNode = FALSE
	EndGlobalSection
	GlobalSection(ExtensibilityGlobals) = postSolution
		SolutionGuid = {17D8AB0F-E09E-4999-A96A-929B080B9F40}
	EndGlobalSection
EndGlobal
